// !$*UTF8*$!
{
	archiveVersion = 1;
	classes = {
	};
	objectVersion = 50;
	objects = {

/* Begin PBXBuildFile section */
		BA30B04026347CC000D1509F /* CardViewControllerVM.swift in Sources */ = {isa = PBXBuildFile; fileRef = BA30B02626347CC000D1509F /* CardViewControllerVM.swift */; };
		BA30B04126347CC000D1509F /* Animation.swift in Sources */ = {isa = PBXBuildFile; fileRef = BA30B02826347CC000D1509F /* Animation.swift */; };
		BA30B04226347CC000D1509F /* CardProfile.swift in Sources */ = {isa = PBXBuildFile; fileRef = BA30B02926347CC000D1509F /* CardProfile.swift */; };
		BA30B04326347CC000D1509F /* CardViewController.swift in Sources */ = {isa = PBXBuildFile; fileRef = BA30B02B26347CC000D1509F /* CardViewController.swift */; };
		BA30B04426347CC000D1509F /* CardViewControllerVMType.swift in Sources */ = {isa = PBXBuildFile; fileRef = BA30B02D26347CC000D1509F /* CardViewControllerVMType.swift */; };
		BA30B04526347CC000D1509F /* UIColor.swift in Sources */ = {isa = PBXBuildFile; fileRef = BA30B02F26347CC000D1509F /* UIColor.swift */; };
		BA30B04626347CC000D1509F /* CardViewPositionHandler.swift in Sources */ = {isa = PBXBuildFile; fileRef = BA30B03026347CC000D1509F /* CardViewPositionHandler.swift */; };
		BA30B04726347CC000D1509F /* Box.swift in Sources */ = {isa = PBXBuildFile; fileRef = BA30B03126347CC000D1509F /* Box.swift */; };
		BA30B04826347CC000D1509F /* CardViewVM.swift in Sources */ = {isa = PBXBuildFile; fileRef = BA30B03426347CC000D1509F /* CardViewVM.swift */; };
		BA30B04926347CC000D1509F /* CardView.swift in Sources */ = {isa = PBXBuildFile; fileRef = BA30B03626347CC000D1509F /* CardView.swift */; };
		BA30B04A26347CC000D1509F /* CardViewVMType.swift in Sources */ = {isa = PBXBuildFile; fileRef = BA30B03826347CC000D1509F /* CardViewVMType.swift */; };
		BA30B04B26347CC000D1509F /* AccessoryViewVM.swift in Sources */ = {isa = PBXBuildFile; fileRef = BA30B03B26347CC000D1509F /* AccessoryViewVM.swift */; };
		BA30B04C26347CC000D1509F /* AccessoryView.swift in Sources */ = {isa = PBXBuildFile; fileRef = BA30B03D26347CC000D1509F /* AccessoryView.swift */; };
		BA30B04D26347CC000D1509F /* AccessoryViewVMType.swift in Sources */ = {isa = PBXBuildFile; fileRef = BA30B03F26347CC000D1509F /* AccessoryViewVMType.swift */; };
		BA30B05226347CC400D1509F /* AppDelegate.swift in Sources */ = {isa = PBXBuildFile; fileRef = BA30B05026347CC400D1509F /* AppDelegate.swift */; };
		BA30B05326347CC400D1509F /* SceneDelegate.swift in Sources */ = {isa = PBXBuildFile; fileRef = BA30B05126347CC400D1509F /* SceneDelegate.swift */; };
		BA30B05826347CE200D1509F /* LaunchScreen.storyboard in Resources */ = {isa = PBXBuildFile; fileRef = BA30B05626347CE200D1509F /* LaunchScreen.storyboard */; };
		BA30B05926347CE200D1509F /* Main.storyboard in Resources */ = {isa = PBXBuildFile; fileRef = BA30B05726347CE200D1509F /* Main.storyboard */; };
		BA30B05E26347D5B00D1509F /* Assets.xcassets in Resources */ = {isa = PBXBuildFile; fileRef = BA30B05D26347D5B00D1509F /* Assets.xcassets */; };
/* End PBXBuildFile section */

/* Begin PBXFileReference section */
		BA30B02626347CC000D1509F /* CardViewControllerVM.swift */ = {isa = PBXFileReference; fileEncoding = 4; lastKnownFileType = sourcecode.swift; path = CardViewControllerVM.swift; sourceTree = "<group>"; };
		BA30B02826347CC000D1509F /* Animation.swift */ = {isa = PBXFileReference; fileEncoding = 4; lastKnownFileType = sourcecode.swift; path = Animation.swift; sourceTree = "<group>"; };
		BA30B02926347CC000D1509F /* CardProfile.swift */ = {isa = PBXFileReference; fileEncoding = 4; lastKnownFileType = sourcecode.swift; path = CardProfile.swift; sourceTree = "<group>"; };
		BA30B02B26347CC000D1509F /* CardViewController.swift */ = {isa = PBXFileReference; fileEncoding = 4; lastKnownFileType = sourcecode.swift; path = CardViewController.swift; sourceTree = "<group>"; };
		BA30B02D26347CC000D1509F /* CardViewControllerVMType.swift */ = {isa = PBXFileReference; fileEncoding = 4; lastKnownFileType = sourcecode.swift; path = CardViewControllerVMType.swift; sourceTree = "<group>"; };
		BA30B02F26347CC000D1509F /* UIColor.swift */ = {isa = PBXFileReference; fileEncoding = 4; lastKnownFileType = sourcecode.swift; path = UIColor.swift; sourceTree = "<group>"; };
		BA30B03026347CC000D1509F /* CardViewPositionHandler.swift */ = {isa = PBXFileReference; fileEncoding = 4; lastKnownFileType = sourcecode.swift; path = CardViewPositionHandler.swift; sourceTree = "<group>"; };
		BA30B03126347CC000D1509F /* Box.swift */ = {isa = PBXFileReference; fileEncoding = 4; lastKnownFileType = sourcecode.swift; path = Box.swift; sourceTree = "<group>"; };
		BA30B03426347CC000D1509F /* CardViewVM.swift */ = {isa = PBXFileReference; fileEncoding = 4; lastKnownFileType = sourcecode.swift; path = CardViewVM.swift; sourceTree = "<group>"; };
		BA30B03626347CC000D1509F /* CardView.swift */ = {isa = PBXFileReference; fileEncoding = 4; lastKnownFileType = sourcecode.swift; path = CardView.swift; sourceTree = "<group>"; };
		BA30B03826347CC000D1509F /* CardViewVMType.swift */ = {isa = PBXFileReference; fileEncoding = 4; lastKnownFileType = sourcecode.swift; path = CardViewVMType.swift; sourceTree = "<group>"; };
		BA30B03B26347CC000D1509F /* AccessoryViewVM.swift */ = {isa = PBXFileReference; fileEncoding = 4; lastKnownFileType = sourcecode.swift; path = AccessoryViewVM.swift; sourceTree = "<group>"; };
		BA30B03D26347CC000D1509F /* AccessoryView.swift */ = {isa = PBXFileReference; fileEncoding = 4; lastKnownFileType = sourcecode.swift; path = AccessoryView.swift; sourceTree = "<group>"; };
		BA30B03F26347CC000D1509F /* AccessoryViewVMType.swift */ = {isa = PBXFileReference; fileEncoding = 4; lastKnownFileType = sourcecode.swift; path = AccessoryViewVMType.swift; sourceTree = "<group>"; };
		BA30B05026347CC400D1509F /* AppDelegate.swift */ = {isa = PBXFileReference; fileEncoding = 4; lastKnownFileType = sourcecode.swift; path = AppDelegate.swift; sourceTree = "<group>"; };
		BA30B05126347CC400D1509F /* SceneDelegate.swift */ = {isa = PBXFileReference; fileEncoding = 4; lastKnownFileType = sourcecode.swift; path = SceneDelegate.swift; sourceTree = "<group>"; };
		BA30B05626347CE200D1509F /* LaunchScreen.storyboard */ = {isa = PBXFileReference; fileEncoding = 4; lastKnownFileType = file.storyboard; path = LaunchScreen.storyboard; sourceTree = "<group>"; };
		BA30B05726347CE200D1509F /* Main.storyboard */ = {isa = PBXFileReference; fileEncoding = 4; lastKnownFileType = file.storyboard; path = Main.storyboard; sourceTree = "<group>"; };
		BA30B05D26347D5B00D1509F /* Assets.xcassets */ = {isa = PBXFileReference; lastKnownFileType = folder.assetcatalog; path = Assets.xcassets; sourceTree = "<group>"; };
		BA7C4A1A26347B56009E3FD1 /* Animated Cards.app */ = {isa = PBXFileReference; explicitFileType = wrapper.application; includeInIndex = 0; path = "Animated Cards.app"; sourceTree = BUILT_PRODUCTS_DIR; };
		BA7C4A2B26347B58009E3FD1 /* Info.plist */ = {isa = PBXFileReference; lastKnownFileType = text.plist.xml; path = Info.plist; sourceTree = "<group>"; };
/* End PBXFileReference section */

/* Begin PBXFrameworksBuildPhase section */
		BA7C4A1726347B56009E3FD1 /* Frameworks */ = {
			isa = PBXFrameworksBuildPhase;
			buildActionMask = 2147483647;
			files = (
			);
			runOnlyForDeploymentPostprocessing = 0;
		};
/* End PBXFrameworksBuildPhase section */

/* Begin PBXGroup section */
		BA30B02426347CC000D1509F /* CardViewController */ = {
			isa = PBXGroup;
			children = (
				BA30B02526347CC000D1509F /* ViewModel */,
				BA30B02726347CC000D1509F /* Models */,
				BA30B02A26347CC000D1509F /* View */,
				BA30B02C26347CC000D1509F /* Protocols */,
			);
			path = CardViewController;
			sourceTree = "<group>";
		};
		BA30B02526347CC000D1509F /* ViewModel */ = {
			isa = PBXGroup;
			children = (
				BA30B02626347CC000D1509F /* CardViewControllerVM.swift */,
			);
			path = ViewModel;
			sourceTree = "<group>";
		};
		BA30B02726347CC000D1509F /* Models */ = {
			isa = PBXGroup;
			children = (
				BA30B02826347CC000D1509F /* Animation.swift */,
				BA30B02926347CC000D1509F /* CardProfile.swift */,
			);
			path = Models;
			sourceTree = "<group>";
		};
		BA30B02A26347CC000D1509F /* View */ = {
			isa = PBXGroup;
			children = (
				BA30B02B26347CC000D1509F /* CardViewController.swift */,
			);
			path = View;
			sourceTree = "<group>";
		};
		BA30B02C26347CC000D1509F /* Protocols */ = {
			isa = PBXGroup;
			children = (
				BA30B02D26347CC000D1509F /* CardViewControllerVMType.swift */,
			);
			path = Protocols;
			sourceTree = "<group>";
		};
		BA30B02E26347CC000D1509F /* Helpers */ = {
			isa = PBXGroup;
			children = (
				BA30B02F26347CC000D1509F /* UIColor.swift */,
				BA30B03026347CC000D1509F /* CardViewPositionHandler.swift */,
				BA30B03126347CC000D1509F /* Box.swift */,
			);
			path = Helpers;
			sourceTree = "<group>";
		};
		BA30B03226347CC000D1509F /* CardView */ = {
			isa = PBXGroup;
			children = (
				BA30B03326347CC000D1509F /* ViewModel */,
				BA30B03526347CC000D1509F /* View */,
				BA30B03726347CC000D1509F /* Protocols */,
			);
			path = CardView;
			sourceTree = "<group>";
		};
		BA30B03326347CC000D1509F /* ViewModel */ = {
			isa = PBXGroup;
			children = (
				BA30B03426347CC000D1509F /* CardViewVM.swift */,
			);
			path = ViewModel;
			sourceTree = "<group>";
		};
		BA30B03526347CC000D1509F /* View */ = {
			isa = PBXGroup;
			children = (
				BA30B03626347CC000D1509F /* CardView.swift */,
			);
			path = View;
			sourceTree = "<group>";
		};
		BA30B03726347CC000D1509F /* Protocols */ = {
			isa = PBXGroup;
			children = (
				BA30B03826347CC000D1509F /* CardViewVMType.swift */,
			);
			path = Protocols;
			sourceTree = "<group>";
		};
		BA30B03926347CC000D1509F /* FourAnswerView */ = {
			isa = PBXGroup;
			children = (
				BA30B03A26347CC000D1509F /* ViewModel */,
				BA30B03C26347CC000D1509F /* View */,
				BA30B03E26347CC000D1509F /* Protocols */,
			);
			path = FourAnswerView;
			sourceTree = "<group>";
		};
		BA30B03A26347CC000D1509F /* ViewModel */ = {
			isa = PBXGroup;
			children = (
				BA30B03B26347CC000D1509F /* AccessoryViewVM.swift */,
			);
			path = ViewModel;
			sourceTree = "<group>";
		};
		BA30B03C26347CC000D1509F /* View */ = {
			isa = PBXGroup;
			children = (
				BA30B03D26347CC000D1509F /* AccessoryView.swift */,
			);
			path = View;
			sourceTree = "<group>";
		};
		BA30B03E26347CC000D1509F /* Protocols */ = {
			isa = PBXGroup;
			children = (
				BA30B03F26347CC000D1509F /* AccessoryViewVMType.swift */,
			);
			path = Protocols;
			sourceTree = "<group>";
		};
		BA30B04F26347CC400D1509F /* App */ = {
			isa = PBXGroup;
			children = (
				BA30B05026347CC400D1509F /* AppDelegate.swift */,
				BA30B05126347CC400D1509F /* SceneDelegate.swift */,
			);
			path = App;
			sourceTree = "<group>";
		};
		BA30B05526347CCE00D1509F /* Resources */ = {
			isa = PBXGroup;
			children = (
				BA30B05626347CE200D1509F /* LaunchScreen.storyboard */,
				BA30B05726347CE200D1509F /* Main.storyboard */,
				BA30B05D26347D5B00D1509F /* Assets.xcassets */,
				BA7C4A2B26347B58009E3FD1 /* Info.plist */,
			);
			path = Resources;
			sourceTree = "<group>";
		};
		BA7C4A1126347B56009E3FD1 = {
			isa = PBXGroup;
			children = (
				BA7C4A1C26347B56009E3FD1 /* Animated Cards */,
				BA7C4A1B26347B56009E3FD1 /* Products */,
			);
			sourceTree = "<group>";
		};
		BA7C4A1B26347B56009E3FD1 /* Products */ = {
			isa = PBXGroup;
			children = (
				BA7C4A1A26347B56009E3FD1 /* Animated Cards.app */,
			);
			name = Products;
			sourceTree = "<group>";
		};
		BA7C4A1C26347B56009E3FD1 /* Animated Cards */ = {
			isa = PBXGroup;
			children = (
				BA30B04F26347CC400D1509F /* App */,
				BA30B03226347CC000D1509F /* CardView */,
				BA30B02426347CC000D1509F /* CardViewController */,
				BA30B03926347CC000D1509F /* FourAnswerView */,
				BA30B05526347CCE00D1509F /* Resources */,
				BA30B02E26347CC000D1509F /* Helpers */,
			);
			path = "Animated Cards";
			sourceTree = "<group>";
		};
/* End PBXGroup section */

/* Begin PBXNativeTarget section */
		BA7C4A1926347B56009E3FD1 /* Animated Cards */ = {
			isa = PBXNativeTarget;
			buildConfigurationList = BA7C4A2E26347B58009E3FD1 /* Build configuration list for PBXNativeTarget "Animated Cards" */;
			buildPhases = (
				BA7C4A1626347B56009E3FD1 /* Sources */,
				BA7C4A1726347B56009E3FD1 /* Frameworks */,
				BA7C4A1826347B56009E3FD1 /* Resources */,
			);
			buildRules = (
			);
			dependencies = (
			);
			name = "Animated Cards";
			productName = "Animated Cards";
			productReference = BA7C4A1A26347B56009E3FD1 /* Animated Cards.app */;
			productType = "com.apple.product-type.application";
		};
/* End PBXNativeTarget section */

/* Begin PBXProject section */
		BA7C4A1226347B56009E3FD1 /* Project object */ = {
			isa = PBXProject;
			attributes = {
				LastSwiftUpdateCheck = 1240;
				LastUpgradeCheck = 1240;
				TargetAttributes = {
					BA7C4A1926347B56009E3FD1 = {
						CreatedOnToolsVersion = 12.4;
					};
				};
			};
			buildConfigurationList = BA7C4A1526347B56009E3FD1 /* Build configuration list for PBXProject "Animated Cards" */;
			compatibilityVersion = "Xcode 9.3";
			developmentRegion = en;
			hasScannedForEncodings = 0;
			knownRegions = (
				en,
				Base,
			);
			mainGroup = BA7C4A1126347B56009E3FD1;
			productRefGroup = BA7C4A1B26347B56009E3FD1 /* Products */;
			projectDirPath = "";
			projectRoot = "";
			targets = (
				BA7C4A1926347B56009E3FD1 /* Animated Cards */,
			);
		};
/* End PBXProject section */

/* Begin PBXResourcesBuildPhase section */
		BA7C4A1826347B56009E3FD1 /* Resources */ = {
			isa = PBXResourcesBuildPhase;
			buildActionMask = 2147483647;
			files = (
				BA30B05826347CE200D1509F /* LaunchScreen.storyboard in Resources */,
				BA30B05E26347D5B00D1509F /* Assets.xcassets in Resources */,
				BA30B05926347CE200D1509F /* Main.storyboard in Resources */,
			);
			runOnlyForDeploymentPostprocessing = 0;
		};
/* End PBXResourcesBuildPhase section */

/* Begin PBXSourcesBuildPhase section */
		BA7C4A1626347B56009E3FD1 /* Sources */ = {
			isa = PBXSourcesBuildPhase;
			buildActionMask = 2147483647;
			files = (
				BA30B04326347CC000D1509F /* CardViewController.swift in Sources */,
				BA30B04526347CC000D1509F /* UIColor.swift in Sources */,
				BA30B04B26347CC000D1509F /* AccessoryViewVM.swift in Sources */,
				BA30B05226347CC400D1509F /* AppDelegate.swift in Sources */,
				BA30B04626347CC000D1509F /* CardViewPositionHandler.swift in Sources */,
				BA30B04126347CC000D1509F /* Animation.swift in Sources */,
				BA30B04A26347CC000D1509F /* CardViewVMType.swift in Sources */,
				BA30B05326347CC400D1509F /* SceneDelegate.swift in Sources */,
				BA30B04D26347CC000D1509F /* AccessoryViewVMType.swift in Sources */,
				BA30B04926347CC000D1509F /* CardView.swift in Sources */,
				BA30B04426347CC000D1509F /* CardViewControllerVMType.swift in Sources */,
				BA30B04726347CC000D1509F /* Box.swift in Sources */,
				BA30B04C26347CC000D1509F /* AccessoryView.swift in Sources */,
				BA30B04226347CC000D1509F /* CardProfile.swift in Sources */,
				BA30B04026347CC000D1509F /* CardViewControllerVM.swift in Sources */,
				BA30B04826347CC000D1509F /* CardViewVM.swift in Sources */,
			);
			runOnlyForDeploymentPostprocessing = 0;
		};
/* End PBXSourcesBuildPhase section */

/* Begin XCBuildConfiguration section */
		BA7C4A2C26347B58009E3FD1 /* Debug */ = {
			isa = XCBuildConfiguration;
			buildSettings = {
				ALWAYS_SEARCH_USER_PATHS = NO;
				CLANG_ANALYZER_NONNULL = YES;
				CLANG_ANALYZER_NUMBER_OBJECT_CONVERSION = YES_AGGRESSIVE;
				CLANG_CXX_LANGUAGE_STANDARD = "gnu++14";
				CLANG_CXX_LIBRARY = "libc++";
				CLANG_ENABLE_MODULES = YES;
				CLANG_ENABLE_OBJC_ARC = YES;
				CLANG_ENABLE_OBJC_WEAK = YES;
				CLANG_WARN_BLOCK_CAPTURE_AUTORELEASING = YES;
				CLANG_WARN_BOOL_CONVERSION = YES;
				CLANG_WARN_COMMA = YES;
				CLANG_WARN_CONSTANT_CONVERSION = YES;
				CLANG_WARN_DEPRECATED_OBJC_IMPLEMENTATIONS = YES;
				CLANG_WARN_DIRECT_OBJC_ISA_USAGE = YES_ERROR;
				CLANG_WARN_DOCUMENTATION_COMMENTS = YES;
				CLANG_WARN_EMPTY_BODY = YES;
				CLANG_WARN_ENUM_CONVERSION = YES;
				CLANG_WARN_INFINITE_RECURSION = YES;
				CLANG_WARN_INT_CONVERSION = YES;
				CLANG_WARN_NON_LITERAL_NULL_CONVERSION = YES;
				CLANG_WARN_OBJC_IMPLICIT_RETAIN_SELF = YES;
				CLANG_WARN_OBJC_LITERAL_CONVERSION = YES;
				CLANG_WARN_OBJC_ROOT_CLASS = YES_ERROR;
				CLANG_WARN_QUOTED_INCLUDE_IN_FRAMEWORK_HEADER = YES;
				CLANG_WARN_RANGE_LOOP_ANALYSIS = YES;
				CLANG_WARN_STRICT_PROTOTYPES = YES;
				CLANG_WARN_SUSPICIOUS_MOVE = YES;
				CLANG_WARN_UNGUARDED_AVAILABILITY = YES_AGGRESSIVE;
				CLANG_WARN_UNREACHABLE_CODE = YES;
				CLANG_WARN__DUPLICATE_METHOD_MATCH = YES;
				COPY_PHASE_STRIP = NO;
				DEBUG_INFORMATION_FORMAT = dwarf;
				ENABLE_STRICT_OBJC_MSGSEND = YES;
				ENABLE_TESTABILITY = YES;
				GCC_C_LANGUAGE_STANDARD = gnu11;
				GCC_DYNAMIC_NO_PIC = NO;
				GCC_NO_COMMON_BLOCKS = YES;
				GCC_OPTIMIZATION_LEVEL = 0;
				GCC_PREPROCESSOR_DEFINITIONS = (
					"DEBUG=1",
					"$(inherited)",
				);
				GCC_WARN_64_TO_32_BIT_CONVERSION = YES;
				GCC_WARN_ABOUT_RETURN_TYPE = YES_ERROR;
				GCC_WARN_UNDECLARED_SELECTOR = YES;
				GCC_WARN_UNINITIALIZED_AUTOS = YES_AGGRESSIVE;
				GCC_WARN_UNUSED_FUNCTION = YES;
				GCC_WARN_UNUSED_VARIABLE = YES;
				IPHONEOS_DEPLOYMENT_TARGET = 14.4;
				MTL_ENABLE_DEBUG_INFO = INCLUDE_SOURCE;
				MTL_FAST_MATH = YES;
				ONLY_ACTIVE_ARCH = YES;
				SDKROOT = iphoneos;
				SWIFT_ACTIVE_COMPILATION_CONDITIONS = DEBUG;
				SWIFT_OPTIMIZATION_LEVEL = "-Onone";
			};
			name = Debug;
		};
		BA7C4A2D26347B58009E3FD1 /* Release */ = {
			isa = XCBuildConfiguration;
			buildSettings = {
				ALWAYS_SEARCH_USER_PATHS = NO;
				CLANG_ANALYZER_NONNULL = YES;
				CLANG_ANALYZER_NUMBER_OBJECT_CONVERSION = YES_AGGRESSIVE;
				CLANG_CXX_LANGUAGE_STANDARD = "gnu++14";
				CLANG_CXX_LIBRARY = "libc++";
				CLANG_ENABLE_MODULES = YES;
				CLANG_ENABLE_OBJC_ARC = YES;
				CLANG_ENABLE_OBJC_WEAK = YES;
				CLANG_WARN_BLOCK_CAPTURE_AUTORELEASING = YES;
				CLANG_WARN_BOOL_CONVERSION = YES;
				CLANG_WARN_COMMA = YES;
				CLANG_WARN_CONSTANT_CONVERSION = YES;
				CLANG_WARN_DEPRECATED_OBJC_IMPLEMENTATIONS = YES;
				CLANG_WARN_DIRECT_OBJC_ISA_USAGE = YES_ERROR;
				CLANG_WARN_DOCUMENTATION_COMMENTS = YES;
				CLANG_WARN_EMPTY_BODY = YES;
				CLANG_WARN_ENUM_CONVERSION = YES;
				CLANG_WARN_INFINITE_RECURSION = YES;
				CLANG_WARN_INT_CONVERSION = YES;
				CLANG_WARN_NON_LITERAL_NULL_CONVERSION = YES;
				CLANG_WARN_OBJC_IMPLICIT_RETAIN_SELF = YES;
				CLANG_WARN_OBJC_LITERAL_CONVERSION = YES;
				CLANG_WARN_OBJC_ROOT_CLASS = YES_ERROR;
				CLANG_WARN_QUOTED_INCLUDE_IN_FRAMEWORK_HEADER = YES;
				CLANG_WARN_RANGE_LOOP_ANALYSIS = YES;
				CLANG_WARN_STRICT_PROTOTYPES = YES;
				CLANG_WARN_SUSPICIOUS_MOVE = YES;
				CLANG_WARN_UNGUARDED_AVAILABILITY = YES_AGGRESSIVE;
				CLANG_WARN_UNREACHABLE_CODE = YES;
				CLANG_WARN__DUPLICATE_METHOD_MATCH = YES;
				COPY_PHASE_STRIP = NO;
				DEBUG_INFORMATION_FORMAT = "dwarf-with-dsym";
				ENABLE_NS_ASSERTIONS = NO;
				ENABLE_STRICT_OBJC_MSGSEND = YES;
				GCC_C_LANGUAGE_STANDARD = gnu11;
				GCC_NO_COMMON_BLOCKS = YES;
				GCC_WARN_64_TO_32_BIT_CONVERSION = YES;
				GCC_WARN_ABOUT_RETURN_TYPE = YES_ERROR;
				GCC_WARN_UNDECLARED_SELECTOR = YES;
				GCC_WARN_UNINITIALIZED_AUTOS = YES_AGGRESSIVE;
				GCC_WARN_UNUSED_FUNCTION = YES;
				GCC_WARN_UNUSED_VARIABLE = YES;
				IPHONEOS_DEPLOYMENT_TARGET = 14.4;
				MTL_ENABLE_DEBUG_INFO = NO;
				MTL_FAST_MATH = YES;
				SDKROOT = iphoneos;
				SWIFT_COMPILATION_MODE = wholemodule;
				SWIFT_OPTIMIZATION_LEVEL = "-O";
				VALIDATE_PRODUCT = YES;
			};
			name = Release;
		};
		BA7C4A2F26347B58009E3FD1 /* Debug */ = {
			isa = XCBuildConfiguration;
			buildSettings = {
				ASSETCATALOG_COMPILER_APPICON_NAME = AppIcon;
				ASSETCATALOG_COMPILER_GLOBAL_ACCENT_COLOR_NAME = AccentColor;
				CODE_SIGN_STYLE = Automatic;
				DEVELOPMENT_TEAM = 65HCRGU5FA;
				INFOPLIST_FILE = "$(SRCROOT)/Animated Cards/Resources/Info.plist";
				LD_RUNPATH_SEARCH_PATHS = (
					"$(inherited)",
					"@executable_path/Frameworks",
				);
				PRODUCT_BUNDLE_IDENTIFIER = "Ilya-Cherkasov.Animated-Cards";
				PRODUCT_NAME = "$(TARGET_NAME)";
				SWIFT_VERSION = 5.0;
				TARGETED_DEVICE_FAMILY = "1,2";
			};
			name = Debug;
		};
		BA7C4A3026347B58009E3FD1 /* Release */ = {
			isa = XCBuildConfiguration;
			buildSettings = {
				ASSETCATALOG_COMPILER_APPICON_NAME = AppIcon;
				ASSETCATALOG_COMPILER_GLOBAL_ACCENT_COLOR_NAME = AccentColor;
				CODE_SIGN_STYLE = Automatic;
				DEVELOPMENT_TEAM = 65HCRGU5FA;
				INFOPLIST_FILE = "$(SRCROOT)/Animated Cards/Resources/Info.plist";
				LD_RUNPATH_SEARCH_PATHS = (
					"$(inherited)",
					"@executable_path/Frameworks",
				);
				PRODUCT_BUNDLE_IDENTIFIER = "Ilya-Cherkasov.Animated-Cards";
				PRODUCT_NAME = "$(TARGET_NAME)";
				SWIFT_VERSION = 5.0;
				TARGETED_DEVICE_FAMILY = "1,2";
			};
			name = Release;
		};
/* End XCBuildConfiguration section */

/* Begin XCConfigurationList section */
		BA7C4A1526347B56009E3FD1 /* Build configuration list for PBXProject "Animated Cards" */ = {
			isa = XCConfigurationList;
			buildConfigurations = (
				BA7C4A2C26347B58009E3FD1 /* Debug */,
				BA7C4A2D26347B58009E3FD1 /* Release */,
			);
			defaultConfigurationIsVisible = 0;
			defaultConfigurationName = Release;
		};
		BA7C4A2E26347B58009E3FD1 /* Build configuration list for PBXNativeTarget "Animated Cards" */ = {
			isa = XCConfigurationList;
			buildConfigurations = (
				BA7C4A2F26347B58009E3FD1 /* Debug */,
				BA7C4A3026347B58009E3FD1 /* Release */,
			);
			defaultConfigurationIsVisible = 0;
			defaultConfigurationName = Release;
		};
/* End XCConfigurationList section */
	};
	rootObject = BA7C4A1226347B56009E3FD1 /* Project object */;
}
